// !$*UTF8*$!
{
	archiveVersion = 1;
	classes = {
	};
	objectVersion = 55;
	objects = {

/* Begin PBXBuildFile section */
		C955168F28048BA600992EDD /* AppDelegate.swift in Sources */ = {isa = PBXBuildFile; fileRef = C955168E28048BA600992EDD /* AppDelegate.swift */; };
		C955169128048BA600992EDD /* SceneDelegate.swift in Sources */ = {isa = PBXBuildFile; fileRef = C955169028048BA600992EDD /* SceneDelegate.swift */; };
		C955169628048BA600992EDD /* Main.storyboard in Resources */ = {isa = PBXBuildFile; fileRef = C955169428048BA600992EDD /* Main.storyboard */; };
		C955169828048BA700992EDD /* Assets.xcassets in Resources */ = {isa = PBXBuildFile; fileRef = C955169728048BA700992EDD /* Assets.xcassets */; };
		C955169B28048BA700992EDD /* LaunchScreen.storyboard in Resources */ = {isa = PBXBuildFile; fileRef = C955169928048BA700992EDD /* LaunchScreen.storyboard */; };
		C95516A8280492CB00992EDD /* Song.swift in Sources */ = {isa = PBXBuildFile; fileRef = C95516A7280492CB00992EDD /* Song.swift */; };
		C95516AC280494DD00992EDD /* SongController.swift in Sources */ = {isa = PBXBuildFile; fileRef = C95516AB280494DD00992EDD /* SongController.swift */; };
		C95516AE2804969500992EDD /* SongListTableViewController.swift in Sources */ = {isa = PBXBuildFile; fileRef = C95516AD2804969500992EDD /* SongListTableViewController.swift */; };
		C96717EC2805E86F00931ABD /* Playlist.swift in Sources */ = {isa = PBXBuildFile; fileRef = C96717EB2805E86F00931ABD /* Playlist.swift */; };
		C96717EE2805E93400931ABD /* PlaylistController.swift in Sources */ = {isa = PBXBuildFile; fileRef = C96717ED2805E93400931ABD /* PlaylistController.swift */; };
		C96717F02805F44900931ABD /* PlaylistsViewController.swift in Sources */ = {isa = PBXBuildFile; fileRef = C96717EF2805F44900931ABD /* PlaylistsViewController.swift */; };
/* End PBXBuildFile section */

/* Begin PBXFileReference section */
		C955168B28048BA600992EDD /* Playlist.app */ = {isa = PBXFileReference; explicitFileType = wrapper.application; includeInIndex = 0; path = Playlist.app; sourceTree = BUILT_PRODUCTS_DIR; };
		C955168E28048BA600992EDD /* AppDelegate.swift */ = {isa = PBXFileReference; lastKnownFileType = sourcecode.swift; path = AppDelegate.swift; sourceTree = "<group>"; };
		C955169028048BA600992EDD /* SceneDelegate.swift */ = {isa = PBXFileReference; lastKnownFileType = sourcecode.swift; path = SceneDelegate.swift; sourceTree = "<group>"; };
		C955169528048BA600992EDD /* Base */ = {isa = PBXFileReference; lastKnownFileType = file.storyboard; name = Base; path = Base.lproj/Main.storyboard; sourceTree = "<group>"; };
		C955169728048BA700992EDD /* Assets.xcassets */ = {isa = PBXFileReference; lastKnownFileType = folder.assetcatalog; path = Assets.xcassets; sourceTree = "<group>"; };
		C955169A28048BA700992EDD /* Base */ = {isa = PBXFileReference; lastKnownFileType = file.storyboard; name = Base; path = Base.lproj/LaunchScreen.storyboard; sourceTree = "<group>"; };
		C955169C28048BA700992EDD /* Info.plist */ = {isa = PBXFileReference; lastKnownFileType = text.plist.xml; path = Info.plist; sourceTree = "<group>"; };
		C95516A7280492CB00992EDD /* Song.swift */ = {isa = PBXFileReference; lastKnownFileType = sourcecode.swift; path = Song.swift; sourceTree = "<group>"; };
		C95516AB280494DD00992EDD /* SongController.swift */ = {isa = PBXFileReference; lastKnownFileType = sourcecode.swift; path = SongController.swift; sourceTree = "<group>"; };
		C95516AD2804969500992EDD /* SongListTableViewController.swift */ = {isa = PBXFileReference; lastKnownFileType = sourcecode.swift; path = SongListTableViewController.swift; sourceTree = "<group>"; };
		C96717EB2805E86F00931ABD /* Playlist.swift */ = {isa = PBXFileReference; lastKnownFileType = sourcecode.swift; path = Playlist.swift; sourceTree = "<group>"; };
		C96717ED2805E93400931ABD /* PlaylistController.swift */ = {isa = PBXFileReference; lastKnownFileType = sourcecode.swift; path = PlaylistController.swift; sourceTree = "<group>"; };
		C96717EF2805F44900931ABD /* PlaylistsViewController.swift */ = {isa = PBXFileReference; lastKnownFileType = sourcecode.swift; path = PlaylistsViewController.swift; sourceTree = "<group>"; };
/* End PBXFileReference section */

/* Begin PBXFrameworksBuildPhase section */
		C955168828048BA600992EDD /* Frameworks */ = {
			isa = PBXFrameworksBuildPhase;
			buildActionMask = 2147483647;
			files = (
			);
			runOnlyForDeploymentPostprocessing = 0;
		};
/* End PBXFrameworksBuildPhase section */

/* Begin PBXGroup section */
		C955168228048BA600992EDD = {
			isa = PBXGroup;
			children = (
				C955168D28048BA600992EDD /* Playlist */,
				C955168C28048BA600992EDD /* Products */,
			);
			sourceTree = "<group>";
		};
		C955168C28048BA600992EDD /* Products */ = {
			isa = PBXGroup;
			children = (
				C955168B28048BA600992EDD /* Playlist.app */,
			);
			name = Products;
			sourceTree = "<group>";
		};
		C955168D28048BA600992EDD /* Playlist */ = {
			isa = PBXGroup;
			children = (
				C95516A628048C3500992EDD /* Controllers */,
				C95516A328048BEB00992EDD /* Models */,
				C95516A428048C1600992EDD /* Views */,
				C95516A528048C2B00992EDD /* Resources */,
			);
			path = Playlist;
			sourceTree = "<group>";
		};
		C95516A328048BEB00992EDD /* Models */ = {
			isa = PBXGroup;
			children = (
				C95516A7280492CB00992EDD /* Song.swift */,
				C96717EB2805E86F00931ABD /* Playlist.swift */,
			);
			path = Models;
			sourceTree = "<group>";
		};
		C95516A428048C1600992EDD /* Views */ = {
			isa = PBXGroup;
			children = (
				C955169428048BA600992EDD /* Main.storyboard */,
				C955169928048BA700992EDD /* LaunchScreen.storyboard */,
			);
			path = Views;
			sourceTree = "<group>";
		};
		C95516A528048C2B00992EDD /* Resources */ = {
			isa = PBXGroup;
			children = (
				C955168E28048BA600992EDD /* AppDelegate.swift */,
				C955169028048BA600992EDD /* SceneDelegate.swift */,
				C955169728048BA700992EDD /* Assets.xcassets */,
				C955169C28048BA700992EDD /* Info.plist */,
			);
			path = Resources;
			sourceTree = "<group>";
		};
		C95516A628048C3500992EDD /* Controllers */ = {
			isa = PBXGroup;
			children = (
				C95516AA2804945900992EDD /* ViewControllers */,
				C95516A92804944E00992EDD /* ModelControllers */,
			);
			path = Controllers;
			sourceTree = "<group>";
		};
		C95516A92804944E00992EDD /* ModelControllers */ = {
			isa = PBXGroup;
			children = (
				C95516AB280494DD00992EDD /* SongController.swift */,
				C96717ED2805E93400931ABD /* PlaylistController.swift */,
			);
			path = ModelControllers;
			sourceTree = "<group>";
		};
		C95516AA2804945900992EDD /* ViewControllers */ = {
			isa = PBXGroup;
			children = (
				C95516AD2804969500992EDD /* SongListTableViewController.swift */,
				C96717EF2805F44900931ABD /* PlaylistsViewController.swift */,
			);
			path = ViewControllers;
			sourceTree = "<group>";
		};
/* End PBXGroup section */

/* Begin PBXNativeTarget section */
		C955168A28048BA600992EDD /* Playlist */ = {
			isa = PBXNativeTarget;
			buildConfigurationList = C955169F28048BA700992EDD /* Build configuration list for PBXNativeTarget "Playlist" */;
			buildPhases = (
				C955168728048BA600992EDD /* Sources */,
				C955168828048BA600992EDD /* Frameworks */,
				C955168928048BA600992EDD /* Resources */,
			);
			buildRules = (
			);
			dependencies = (
			);
			name = Playlist;
			productName = Playlist;
			productReference = C955168B28048BA600992EDD /* Playlist.app */;
			productType = "com.apple.product-type.application";
		};
/* End PBXNativeTarget section */

/* Begin PBXProject section */
		C955168328048BA600992EDD /* Project object */ = {
			isa = PBXProject;
			attributes = {
				BuildIndependentTargetsInParallel = 1;
				LastSwiftUpdateCheck = 1330;
				LastUpgradeCheck = 1330;
				TargetAttributes = {
					C955168A28048BA600992EDD = {
						CreatedOnToolsVersion = 13.3;
					};
				};
			};
			buildConfigurationList = C955168628048BA600992EDD /* Build configuration list for PBXProject "Playlist" */;
			compatibilityVersion = "Xcode 13.0";
			developmentRegion = en;
			hasScannedForEncodings = 0;
			knownRegions = (
				en,
				Base,
			);
			mainGroup = C955168228048BA600992EDD;
			productRefGroup = C955168C28048BA600992EDD /* Products */;
			projectDirPath = "";
			projectRoot = "";
			targets = (
				C955168A28048BA600992EDD /* Playlist */,
			);
		};
/* End PBXProject section */

/* Begin PBXResourcesBuildPhase section */
		C955168928048BA600992EDD /* Resources */ = {
			isa = PBXResourcesBuildPhase;
			buildActionMask = 2147483647;
			files = (
				C955169B28048BA700992EDD /* LaunchScreen.storyboard in Resources */,
				C955169828048BA700992EDD /* Assets.xcassets in Resources */,
				C955169628048BA600992EDD /* Main.storyboard in Resources */,
			);
			runOnlyForDeploymentPostprocessing = 0;
		};
/* End PBXResourcesBuildPhase section */

/* Begin PBXSourcesBuildPhase section */
		C955168728048BA600992EDD /* Sources */ = {
			isa = PBXSourcesBuildPhase;
			buildActionMask = 2147483647;
			files = (
				C95516AE2804969500992EDD /* SongListTableViewController.swift in Sources */,
				C95516A8280492CB00992EDD /* Song.swift in Sources */,
				C955168F28048BA600992EDD /* AppDelegate.swift in Sources */,
				C95516AC280494DD00992EDD /* SongController.swift in Sources */,
				C96717F02805F44900931ABD /* PlaylistsViewController.swift in Sources */,
				C955169128048BA600992EDD /* SceneDelegate.swift in Sources */,
				C96717EC2805E86F00931ABD /* Playlist.swift in Sources */,
				C96717EE2805E93400931ABD /* PlaylistController.swift in Sources */,
			);
			runOnlyForDeploymentPostprocessing = 0;
		};
/* End PBXSourcesBuildPhase section */

/* Begin PBXVariantGroup section */
		C955169428048BA600992EDD /* Main.storyboard */ = {
			isa = PBXVariantGroup;
			children = (
				C955169528048BA600992EDD /* Base */,
			);
			name = Main.storyboard;
			sourceTree = "<group>";
		};
		C955169928048BA700992EDD /* LaunchScreen.storyboard */ = {
			isa = PBXVariantGroup;
			children = (
				C955169A28048BA700992EDD /* Base */,
			);
			name = LaunchScreen.storyboard;
			sourceTree = "<group>";
		};
/* End PBXVariantGroup section */

/* Begin XCBuildConfiguration section */
		C955169D28048BA700992EDD /* Debug */ = {
			isa = XCBuildConfiguration;
			buildSettings = {
				ALWAYS_SEARCH_USER_PATHS = NO;
				CLANG_ANALYZER_NONNULL = YES;
				CLANG_ANALYZER_NUMBER_OBJECT_CONVERSION = YES_AGGRESSIVE;
				CLANG_CXX_LANGUAGE_STANDARD = "gnu++17";
				CLANG_ENABLE_MODULES = YES;
				CLANG_ENABLE_OBJC_ARC = YES;
				CLANG_ENABLE_OBJC_WEAK = YES;
				CLANG_WARN_BLOCK_CAPTURE_AUTORELEASING = YES;
				CLANG_WARN_BOOL_CONVERSION = YES;
				CLANG_WARN_COMMA = YES;
				CLANG_WARN_CONSTANT_CONVERSION = YES;
				CLANG_WARN_DEPRECATED_OBJC_IMPLEMENTATIONS = YES;
				CLANG_WARN_DIRECT_OBJC_ISA_USAGE = YES_ERROR;
				CLANG_WARN_DOCUMENTATION_COMMENTS = YES;
				CLANG_WARN_EMPTY_BODY = YES;
				CLANG_WARN_ENUM_CONVERSION = YES;
				CLANG_WARN_INFINITE_RECURSION = YES;
				CLANG_WARN_INT_CONVERSION = YES;
				CLANG_WARN_NON_LITERAL_NULL_CONVERSION = YES;
				CLANG_WARN_OBJC_IMPLICIT_RETAIN_SELF = YES;
				CLANG_WARN_OBJC_LITERAL_CONVERSION = YES;
				CLANG_WARN_OBJC_ROOT_CLASS = YES_ERROR;
				CLANG_WARN_QUOTED_INCLUDE_IN_FRAMEWORK_HEADER = YES;
				CLANG_WARN_RANGE_LOOP_ANALYSIS = YES;
				CLANG_WARN_STRICT_PROTOTYPES = YES;
				CLANG_WARN_SUSPICIOUS_MOVE = YES;
				CLANG_WARN_UNGUARDED_AVAILABILITY = YES_AGGRESSIVE;
				CLANG_WARN_UNREACHABLE_CODE = YES;
				CLANG_WARN__DUPLICATE_METHOD_MATCH = YES;
				COPY_PHASE_STRIP = NO;
				DEBUG_INFORMATION_FORMAT = dwarf;
				ENABLE_STRICT_OBJC_MSGSEND = YES;
				ENABLE_TESTABILITY = YES;
				GCC_C_LANGUAGE_STANDARD = gnu11;
				GCC_DYNAMIC_NO_PIC = NO;
				GCC_NO_COMMON_BLOCKS = YES;
				GCC_OPTIMIZATION_LEVEL = 0;
				GCC_PREPROCESSOR_DEFINITIONS = (
					"DEBUG=1",
					"$(inherited)",
				);
				GCC_WARN_64_TO_32_BIT_CONVERSION = YES;
				GCC_WARN_ABOUT_RETURN_TYPE = YES_ERROR;
				GCC_WARN_UNDECLARED_SELECTOR = YES;
				GCC_WARN_UNINITIALIZED_AUTOS = YES_AGGRESSIVE;
				GCC_WARN_UNUSED_FUNCTION = YES;
				GCC_WARN_UNUSED_VARIABLE = YES;
				IPHONEOS_DEPLOYMENT_TARGET = 15.4;
				MTL_ENABLE_DEBUG_INFO = INCLUDE_SOURCE;
				MTL_FAST_MATH = YES;
				ONLY_ACTIVE_ARCH = YES;
				SDKROOT = iphoneos;
				SWIFT_ACTIVE_COMPILATION_CONDITIONS = DEBUG;
				SWIFT_OPTIMIZATION_LEVEL = "-Onone";
			};
			name = Debug;
		};
		C955169E28048BA700992EDD /* Release */ = {
			isa = XCBuildConfiguration;
			buildSettings = {
				ALWAYS_SEARCH_USER_PATHS = NO;
				CLANG_ANALYZER_NONNULL = YES;
				CLANG_ANALYZER_NUMBER_OBJECT_CONVERSION = YES_AGGRESSIVE;
				CLANG_CXX_LANGUAGE_STANDARD = "gnu++17";
				CLANG_ENABLE_MODULES = YES;
				CLANG_ENABLE_OBJC_ARC = YES;
				CLANG_ENABLE_OBJC_WEAK = YES;
				CLANG_WARN_BLOCK_CAPTURE_AUTORELEASING = YES;
				CLANG_WARN_BOOL_CONVERSION = YES;
				CLANG_WARN_COMMA = YES;
				CLANG_WARN_CONSTANT_CONVERSION = YES;
				CLANG_WARN_DEPRECATED_OBJC_IMPLEMENTATIONS = YES;
				CLANG_WARN_DIRECT_OBJC_ISA_USAGE = YES_ERROR;
				CLANG_WARN_DOCUMENTATION_COMMENTS = YES;
				CLANG_WARN_EMPTY_BODY = YES;
				CLANG_WARN_ENUM_CONVERSION = YES;
				CLANG_WARN_INFINITE_RECURSION = YES;
				CLANG_WARN_INT_CONVERSION = YES;
				CLANG_WARN_NON_LITERAL_NULL_CONVERSION = YES;
				CLANG_WARN_OBJC_IMPLICIT_RETAIN_SELF = YES;
				CLANG_WARN_OBJC_LITERAL_CONVERSION = YES;
				CLANG_WARN_OBJC_ROOT_CLASS = YES_ERROR;
				CLANG_WARN_QUOTED_INCLUDE_IN_FRAMEWORK_HEADER = YES;
				CLANG_WARN_RANGE_LOOP_ANALYSIS = YES;
				CLANG_WARN_STRICT_PROTOTYPES = YES;
				CLANG_WARN_SUSPICIOUS_MOVE = YES;
				CLANG_WARN_UNGUARDED_AVAILABILITY = YES_AGGRESSIVE;
				CLANG_WARN_UNREACHABLE_CODE = YES;
				CLANG_WARN__DUPLICATE_METHOD_MATCH = YES;
				COPY_PHASE_STRIP = NO;
				DEBUG_INFORMATION_FORMAT = "dwarf-with-dsym";
				ENABLE_NS_ASSERTIONS = NO;
				ENABLE_STRICT_OBJC_MSGSEND = YES;
				GCC_C_LANGUAGE_STANDARD = gnu11;
				GCC_NO_COMMON_BLOCKS = YES;
				GCC_WARN_64_TO_32_BIT_CONVERSION = YES;
				GCC_WARN_ABOUT_RETURN_TYPE = YES_ERROR;
				GCC_WARN_UNDECLARED_SELECTOR = YES;
				GCC_WARN_UNINITIALIZED_AUTOS = YES_AGGRESSIVE;
				GCC_WARN_UNUSED_FUNCTION = YES;
				GCC_WARN_UNUSED_VARIABLE = YES;
				IPHONEOS_DEPLOYMENT_TARGET = 15.4;
				MTL_ENABLE_DEBUG_INFO = NO;
				MTL_FAST_MATH = YES;
				SDKROOT = iphoneos;
				SWIFT_COMPILATION_MODE = wholemodule;
				SWIFT_OPTIMIZATION_LEVEL = "-O";
				VALIDATE_PRODUCT = YES;
			};
			name = Release;
		};
		C95516A028048BA700992EDD /* Debug */ = {
			isa = XCBuildConfiguration;
			buildSettings = {
				ASSETCATALOG_COMPILER_APPICON_NAME = AppIcon;
				ASSETCATALOG_COMPILER_GLOBAL_ACCENT_COLOR_NAME = AccentColor;
				CODE_SIGN_STYLE = Automatic;
				CURRENT_PROJECT_VERSION = 1;
				GENERATE_INFOPLIST_FILE = YES;
				INFOPLIST_FILE = Playlist/Resources/Info.plist;
				INFOPLIST_KEY_UIApplicationSupportsIndirectInputEvents = YES;
				INFOPLIST_KEY_UILaunchStoryboardName = LaunchScreen;
				INFOPLIST_KEY_UIMainStoryboardFile = Main;
				INFOPLIST_KEY_UISupportedInterfaceOrientations_iPad = "UIInterfaceOrientationPortrait UIInterfaceOrientationPortraitUpsideDown UIInterfaceOrientationLandscapeLeft UIInterfaceOrientationLandscapeRight";
				INFOPLIST_KEY_UISupportedInterfaceOrientations_iPhone = "UIInterfaceOrientationPortrait UIInterfaceOrientationLandscapeLeft UIInterfaceOrientationLandscapeRight";
				LD_RUNPATH_SEARCH_PATHS = (
					"$(inherited)",
					"@executable_path/Frameworks",
				);
				MARKETING_VERSION = 1.0;
				PRODUCT_BUNDLE_IDENTIFIER = com.tasukuYamamoto.Playlist;
				PRODUCT_NAME = "$(TARGET_NAME)";
				SWIFT_EMIT_LOC_STRINGS = YES;
				SWIFT_VERSION = 5.0;
				TARGETED_DEVICE_FAMILY = "1,2";
			};
			name = Debug;
		};
		C95516A128048BA700992EDD /* Release */ = {
			isa = XCBuildConfiguration;
			buildSettings = {
				ASSETCATALOG_COMPILER_APPICON_NAME = AppIcon;
				ASSETCATALOG_COMPILER_GLOBAL_ACCENT_COLOR_NAME = AccentColor;
				CODE_SIGN_STYLE = Automatic;
				CURRENT_PROJECT_VERSION = 1;
				GENERATE_INFOPLIST_FILE = YES;
				INFOPLIST_FILE = Playlist/Resources/Info.plist;
				INFOPLIST_KEY_UIApplicationSupportsIndirectInputEvents = YES;
				INFOPLIST_KEY_UILaunchStoryboardName = LaunchScreen;
				INFOPLIST_KEY_UIMainStoryboardFile = Main;
				INFOPLIST_KEY_UISupportedInterfaceOrientations_iPad = "UIInterfaceOrientationPortrait UIInterfaceOrientationPortraitUpsideDown UIInterfaceOrientationLandscapeLeft UIInterfaceOrientationLandscapeRight";
				INFOPLIST_KEY_UISupportedInterfaceOrientations_iPhone = "UIInterfaceOrientationPortrait UIInterfaceOrientationLandscapeLeft UIInterfaceOrientationLandscapeRight";
				LD_RUNPATH_SEARCH_PATHS = (
					"$(inherited)",
					"@executable_path/Frameworks",
				);
				MARKETING_VERSION = 1.0;
				PRODUCT_BUNDLE_IDENTIFIER = com.tasukuYamamoto.Playlist;
				PRODUCT_NAME = "$(TARGET_NAME)";
				SWIFT_EMIT_LOC_STRINGS = YES;
				SWIFT_VERSION = 5.0;
				TARGETED_DEVICE_FAMILY = "1,2";
			};
			name = Release;
		};
/* End XCBuildConfiguration section */

/* Begin XCConfigurationList section */
		C955168628048BA600992EDD /* Build configuration list for PBXProject "Playlist" */ = {
			isa = XCConfigurationList;
			buildConfigurations = (
				C955169D28048BA700992EDD /* Debug */,
				C955169E28048BA700992EDD /* Release */,
			);
			defaultConfigurationIsVisible = 0;
			defaultConfigurationName = Release;
		};
		C955169F28048BA700992EDD /* Build configuration list for PBXNativeTarget "Playlist" */ = {
			isa = XCConfigurationList;
			buildConfigurations = (
				C95516A028048BA700992EDD /* Debug */,
				C95516A128048BA700992EDD /* Release */,
			);
			defaultConfigurationIsVisible = 0;
			defaultConfigurationName = Release;
		};
/* End XCConfigurationList section */
	};
	rootObject = C955168328048BA600992EDD /* Project object */;
}
